
Microsoft Visual Studio Solution File, Format Version 12.00
# Visual Studio Version 17
VisualStudioVersion = 17.13.35919.96
MinimumVisualStudioVersion = 10.0.40219.1
Project("{FAE04EC0-301F-11D3-BF4B-00C04F79EFBC}") = "Azure.Rapid.Assessment.CommandLine", "Azure.Rapid.Assessment.CommandLine\Azure.Rapid.Assessment.CommandLine.csproj", "{75FF520A-EF50-4753-A3AE-413C179D270E}"
EndProject
Project("{FAE04EC0-301F-11D3-BF4B-00C04F79EFBC}") = "Azure.Rapid.Assessment.Core", "Azure.Rapid.Assessment.Core\Azure.Rapid.Assessment.Core.csproj", "{AF158744-7F7A-48CE-A060-2048B37AE6F5}"
EndProject
Global
	GlobalSection(SolutionConfigurationPlatforms) = preSolution
		Debug|Any CPU = Debug|Any CPU
		Release|Any CPU = Release|Any CPU
	EndGlobalSection
	GlobalSection(ProjectConfigurationPlatforms) = postSolution
		{75FF520A-EF50-4753-A3AE-413C179D270E}.Debug|Any CPU.ActiveCfg = Debug|Any CPU
		{75FF520A-EF50-4753-A3AE-413C179D270E}.Debug|Any CPU.Build.0 = Debug|Any CPU
		{75FF520A-EF50-4753-A3AE-413C179D270E}.Release|Any CPU.ActiveCfg = Release|Any CPU
		{75FF520A-EF50-4753-A3AE-413C179D270E}.Release|Any CPU.Build.0 = Release|Any CPU
		{AF158744-7F7A-48CE-A060-2048B37AE6F5}.Debug|Any CPU.ActiveCfg = Debug|Any CPU
		{AF158744-7F7A-48CE-A060-2048B37AE6F5}.Debug|Any CPU.Build.0 = Debug|Any CPU
		{AF158744-7F7A-48CE-A060-2048B37AE6F5}.Release|Any CPU.ActiveCfg = Release|Any CPU
		{AF158744-7F7A-48CE-A060-2048B37AE6F5}.Release|Any CPU.Build.0 = Release|Any CPU
	EndGlobalSection
	GlobalSection(SolutionProperties) = preSolution
		HideSolutionNode = FALSE
	EndGlobalSection
	GlobalSection(ExtensibilityGlobals) = postSolution
		SolutionGuid = {A5585DAC-B895-4BBD-9106-8E44BCA2CE72}
	EndGlobalSection
EndGlobal
